
Microsoft Visual Studio Solution File, Format Version 12.00
# Visual Studio Version 17
VisualStudioVersion = 17.2.32630.192
MinimumVisualStudioVersion = 10.0.40219.1
Project("{9092AA53-FB77-4645-B42D-1CCCA6BD08BD}") = "NodejsWebApp1", "NodejsWebApp1\NodejsWebApp1.njsproj", "{80F4CD90-1999-4773-9FD7-5113377FDEFA}"
EndProject
Global
	GlobalSection(SolutionConfigurationPlatforms) = preSolution
		Debug|Any CPU = Debug|Any CPU
		Release|Any CPU = Release|Any CPU
	EndGlobalSection
	GlobalSection(ProjectConfigurationPlatforms) = postSolution
		{80F4CD90-1999-4773-9FD7-5113377FDEFA}.Debug|Any CPU.ActiveCfg = Debug|Any CPU
		{80F4CD90-1999-4773-9FD7-5113377FDEFA}.Debug|Any CPU.Build.0 = Debug|Any CPU
		{80F4CD90-1999-4773-9FD7-5113377FDEFA}.Release|Any CPU.ActiveCfg = Release|Any CPU
		{80F4CD90-1999-4773-9FD7-5113377FDEFA}.Release|Any CPU.Build.0 = Release|Any CPU
	EndGlobalSection
	GlobalSection(SolutionProperties) = preSolution
		HideSolutionNode = FALSE
	EndGlobalSection
	GlobalSection(ExtensibilityGlobals) = postSolution
		SolutionGuid = {ABC4F11F-33DD-4CA2-8011-BD80E90A9AFA}
	EndGlobalSection
EndGlobal
